
Microsoft Visual Studio Solution File, Format Version 12.00
# Visual Studio Version 17
VisualStudioVersion = 17.7.34221.43
MinimumVisualStudioVersion = 10.0.40219.1
Project("{FAE04EC0-301F-11D3-BF4B-00C04F79EFBC}") = "OSU", "OSU\OSU.csproj", "{B101EEF8-0D2B-4F8B-9F6B-E8F62CFCF485}"
EndProject
Global
	GlobalSection(SolutionConfigurationPlatforms) = preSolution
		Debug|Any CPU = Debug|Any CPU
		Release|Any CPU = Release|Any CPU
	EndGlobalSection
	GlobalSection(ProjectConfigurationPlatforms) = postSolution
		{B101EEF8-0D2B-4F8B-9F6B-E8F62CFCF485}.Debug|Any CPU.ActiveCfg = Debug|Any CPU
		{B101EEF8-0D2B-4F8B-9F6B-E8F62CFCF485}.Debug|Any CPU.Build.0 = Debug|Any CPU
		{B101EEF8-0D2B-4F8B-9F6B-E8F62CFCF485}.Release|Any CPU.ActiveCfg = Release|Any CPU
		{B101EEF8-0D2B-4F8B-9F6B-E8F62CFCF485}.Release|Any CPU.Build.0 = Release|Any CPU
	EndGlobalSection
	GlobalSection(SolutionProperties) = preSolution
		HideSolutionNode = FALSE
	EndGlobalSection
	GlobalSection(ExtensibilityGlobals) = postSolution
		SolutionGuid = {67D7E4B0-7B9B-4713-BE0F-E77C1D89700D}
	EndGlobalSection
EndGlobal
